
Microsoft Visual Studio Solution File, Format Version 12.00
# Visual Studio Version 17
VisualStudioVersion = 17.1.32407.343
MinimumVisualStudioVersion = 10.0.40219.1
Project("{FAE04EC0-301F-11D3-BF4B-00C04F79EFBC}") = "ModuleExam", "ModuleExam.csproj", "{D95E1F2B-EC70-440B-BD89-A9A3843499B6}"
EndProject
Project("{FAE04EC0-301F-11D3-BF4B-00C04F79EFBC}") = "DiscountDll", "DiscountDll\DiscountDll.csproj", "{DC8E4546-D4F7-4F94-BDD9-A78100227525}"
EndProject
Project("{FAE04EC0-301F-11D3-BF4B-00C04F79EFBC}") = "UnitTestProject1", "UnitTestProject1\UnitTestProject1.csproj", "{213A9BAA-3621-4E30-BCCA-F5D514424D16}"
EndProject
Global
	GlobalSection(SolutionConfigurationPlatforms) = preSolution
		Debug|Any CPU = Debug|Any CPU
		Release|Any CPU = Release|Any CPU
	EndGlobalSection
	GlobalSection(ProjectConfigurationPlatforms) = postSolution
		{D95E1F2B-EC70-440B-BD89-A9A3843499B6}.Debug|Any CPU.ActiveCfg = Debug|Any CPU
		{D95E1F2B-EC70-440B-BD89-A9A3843499B6}.Debug|Any CPU.Build.0 = Debug|Any CPU
		{D95E1F2B-EC70-440B-BD89-A9A3843499B6}.Release|Any CPU.ActiveCfg = Release|Any CPU
		{D95E1F2B-EC70-440B-BD89-A9A3843499B6}.Release|Any CPU.Build.0 = Release|Any CPU
		{DC8E4546-D4F7-4F94-BDD9-A78100227525}.Debug|Any CPU.ActiveCfg = Debug|Any CPU
		{DC8E4546-D4F7-4F94-BDD9-A78100227525}.Debug|Any CPU.Build.0 = Debug|Any CPU
		{DC8E4546-D4F7-4F94-BDD9-A78100227525}.Release|Any CPU.ActiveCfg = Release|Any CPU
		{DC8E4546-D4F7-4F94-BDD9-A78100227525}.Release|Any CPU.Build.0 = Release|Any CPU
		{213A9BAA-3621-4E30-BCCA-F5D514424D16}.Debug|Any CPU.ActiveCfg = Debug|Any CPU
		{213A9BAA-3621-4E30-BCCA-F5D514424D16}.Debug|Any CPU.Build.0 = Debug|Any CPU
		{213A9BAA-3621-4E30-BCCA-F5D514424D16}.Release|Any CPU.ActiveCfg = Release|Any CPU
		{213A9BAA-3621-4E30-BCCA-F5D514424D16}.Release|Any CPU.Build.0 = Release|Any CPU
	EndGlobalSection
	GlobalSection(SolutionProperties) = preSolution
		HideSolutionNode = FALSE
	EndGlobalSection
	GlobalSection(ExtensibilityGlobals) = postSolution
		SolutionGuid = {61DE7493-829F-4515-B2BE-9C0A12DC8617}
	EndGlobalSection
EndGlobal
